// !$*UTF8*$!
{
	archiveVersion = 1;
	classes = {
	};
	objectVersion = 51;
	objects = {

/* Begin PBXBuildFile section */
		5C9F63AF26A8A388005ED449 /* PasportInfo.swift in Sources */ = {isa = PBXBuildFile; fileRef = 5C9F63AE26A8A388005ED449 /* PasportInfo.swift */; };
		5C9F63B726A8F68E005ED449 /* AddDocument.xib in Resources */ = {isa = PBXBuildFile; fileRef = 5C9F63B526A8F68E005ED449 /* AddDocument.xib */; };
		5C9F63B826A8F68E005ED449 /* AddDocument.swift in Sources */ = {isa = PBXBuildFile; fileRef = 5C9F63B626A8F68E005ED449 /* AddDocument.swift */; };
		5CAB5F1726A5E1490099FA1F /* AppDelegate.swift in Sources */ = {isa = PBXBuildFile; fileRef = 5CAB5F1626A5E1490099FA1F /* AppDelegate.swift */; };
		5CAB5F1926A5E1490099FA1F /* SceneDelegate.swift in Sources */ = {isa = PBXBuildFile; fileRef = 5CAB5F1826A5E1490099FA1F /* SceneDelegate.swift */; };
		5CAB5F1B26A5E1490099FA1F /* ViewController.swift in Sources */ = {isa = PBXBuildFile; fileRef = 5CAB5F1A26A5E1490099FA1F /* ViewController.swift */; };
		5CAB5F1E26A5E1490099FA1F /* Main.storyboard in Resources */ = {isa = PBXBuildFile; fileRef = 5CAB5F1C26A5E1490099FA1F /* Main.storyboard */; };
		5CAB5F2026A5E14A0099FA1F /* Assets.xcassets in Resources */ = {isa = PBXBuildFile; fileRef = 5CAB5F1F26A5E14A0099FA1F /* Assets.xcassets */; };
		5CAB5F2326A5E14A0099FA1F /* LaunchScreen.storyboard in Resources */ = {isa = PBXBuildFile; fileRef = 5CAB5F2126A5E14A0099FA1F /* LaunchScreen.storyboard */; };
		5CAB5F2B26A5E3640099FA1F /* HomeViewController.swift in Sources */ = {isa = PBXBuildFile; fileRef = 5CAB5F2A26A5E3640099FA1F /* HomeViewController.swift */; };
		5CAB5F2E26A5E51A0099FA1F /* TabBarItem.swift in Sources */ = {isa = PBXBuildFile; fileRef = 5CAB5F2D26A5E51A0099FA1F /* TabBarItem.swift */; };
		5CAB5F3026A5E5310099FA1F /* TabBarItem.xib in Resources */ = {isa = PBXBuildFile; fileRef = 5CAB5F2F26A5E5310099FA1F /* TabBarItem.xib */; };
		5CAB5F3326A5EC010099FA1F /* InterPassport.xib in Resources */ = {isa = PBXBuildFile; fileRef = 5CAB5F3226A5EC010099FA1F /* InterPassport.xib */; };
		5CAB5F3526A5EC0C0099FA1F /* InterPassport.swift in Sources */ = {isa = PBXBuildFile; fileRef = 5CAB5F3426A5EC0C0099FA1F /* InterPassport.swift */; };
		AE3C86F8B0B08CAC16F978F9 /* Pods_Diia.framework in Frameworks */ = {isa = PBXBuildFile; fileRef = 30C5FF68C348ED216BD63C9D /* Pods_Diia.framework */; };
/* End PBXBuildFile section */

/* Begin PBXFileReference section */
		191F15A7057C4DDFFB8C7F02 /* Pods-Diia.release.xcconfig */ = {isa = PBXFileReference; includeInIndex = 1; lastKnownFileType = text.xcconfig; name = "Pods-Diia.release.xcconfig"; path = "Target Support Files/Pods-Diia/Pods-Diia.release.xcconfig"; sourceTree = "<group>"; };
		30C5FF68C348ED216BD63C9D /* Pods_Diia.framework */ = {isa = PBXFileReference; explicitFileType = wrapper.framework; includeInIndex = 0; path = Pods_Diia.framework; sourceTree = BUILT_PRODUCTS_DIR; };
		5C9F63AE26A8A388005ED449 /* PasportInfo.swift */ = {isa = PBXFileReference; lastKnownFileType = sourcecode.swift; path = PasportInfo.swift; sourceTree = "<group>"; };
		5C9F63B526A8F68E005ED449 /* AddDocument.xib */ = {isa = PBXFileReference; fileEncoding = 4; lastKnownFileType = file.xib; path = AddDocument.xib; sourceTree = "<group>"; };
		5C9F63B626A8F68E005ED449 /* AddDocument.swift */ = {isa = PBXFileReference; fileEncoding = 4; lastKnownFileType = sourcecode.swift; path = AddDocument.swift; sourceTree = "<group>"; };
		5CAB5F1326A5E1490099FA1F /* Diia.app */ = {isa = PBXFileReference; explicitFileType = wrapper.application; includeInIndex = 0; path = Diia.app; sourceTree = BUILT_PRODUCTS_DIR; };
		5CAB5F1626A5E1490099FA1F /* AppDelegate.swift */ = {isa = PBXFileReference; lastKnownFileType = sourcecode.swift; path = AppDelegate.swift; sourceTree = "<group>"; };
		5CAB5F1826A5E1490099FA1F /* SceneDelegate.swift */ = {isa = PBXFileReference; lastKnownFileType = sourcecode.swift; path = SceneDelegate.swift; sourceTree = "<group>"; };
		5CAB5F1A26A5E1490099FA1F /* ViewController.swift */ = {isa = PBXFileReference; lastKnownFileType = sourcecode.swift; path = ViewController.swift; sourceTree = "<group>"; };
		5CAB5F1D26A5E1490099FA1F /* Base */ = {isa = PBXFileReference; lastKnownFileType = file.storyboard; name = Base; path = Base.lproj/Main.storyboard; sourceTree = "<group>"; };
		5CAB5F1F26A5E14A0099FA1F /* Assets.xcassets */ = {isa = PBXFileReference; lastKnownFileType = folder.assetcatalog; path = Assets.xcassets; sourceTree = "<group>"; };
		5CAB5F2226A5E14A0099FA1F /* Base */ = {isa = PBXFileReference; lastKnownFileType = file.storyboard; name = Base; path = Base.lproj/LaunchScreen.storyboard; sourceTree = "<group>"; };
		5CAB5F2426A5E14A0099FA1F /* Info.plist */ = {isa = PBXFileReference; lastKnownFileType = text.plist.xml; path = Info.plist; sourceTree = "<group>"; };
		5CAB5F2A26A5E3640099FA1F /* HomeViewController.swift */ = {isa = PBXFileReference; lastKnownFileType = sourcecode.swift; path = HomeViewController.swift; sourceTree = "<group>"; };
		5CAB5F2D26A5E51A0099FA1F /* TabBarItem.swift */ = {isa = PBXFileReference; lastKnownFileType = sourcecode.swift; path = TabBarItem.swift; sourceTree = "<group>"; };
		5CAB5F2F26A5E5310099FA1F /* TabBarItem.xib */ = {isa = PBXFileReference; lastKnownFileType = file.xib; path = TabBarItem.xib; sourceTree = "<group>"; };
		5CAB5F3226A5EC010099FA1F /* InterPassport.xib */ = {isa = PBXFileReference; lastKnownFileType = file.xib; path = InterPassport.xib; sourceTree = "<group>"; };
		5CAB5F3426A5EC0C0099FA1F /* InterPassport.swift */ = {isa = PBXFileReference; lastKnownFileType = sourcecode.swift; path = InterPassport.swift; sourceTree = "<group>"; };
		C7865E3552DFAFD67D220D27 /* Pods-Diia.debug.xcconfig */ = {isa = PBXFileReference; includeInIndex = 1; lastKnownFileType = text.xcconfig; name = "Pods-Diia.debug.xcconfig"; path = "Target Support Files/Pods-Diia/Pods-Diia.debug.xcconfig"; sourceTree = "<group>"; };
/* End PBXFileReference section */

/* Begin PBXFrameworksBuildPhase section */
		5CAB5F1026A5E1490099FA1F /* Frameworks */ = {
			isa = PBXFrameworksBuildPhase;
			buildActionMask = 2147483647;
			files = (
				AE3C86F8B0B08CAC16F978F9 /* Pods_Diia.framework in Frameworks */,
			);
			runOnlyForDeploymentPostprocessing = 0;
		};
/* End PBXFrameworksBuildPhase section */

/* Begin PBXGroup section */
		4A9F365E208D5097A83BD755 /* Frameworks */ = {
			isa = PBXGroup;
			children = (
				30C5FF68C348ED216BD63C9D /* Pods_Diia.framework */,
			);
			name = Frameworks;
			sourceTree = "<group>";
		};
		5C9F63B026A8A394005ED449 /* Models */ = {
			isa = PBXGroup;
			children = (
				5C9F63AE26A8A388005ED449 /* PasportInfo.swift */,
			);
			path = Models;
			sourceTree = "<group>";
		};
		5C9F63B126A8A3A0005ED449 /* Flow */ = {
			isa = PBXGroup;
			children = (
				5CAB5F2A26A5E3640099FA1F /* HomeViewController.swift */,
			);
			path = Flow;
			sourceTree = "<group>";
		};
		5C9F63B226A8A6D0005ED449 /* Documents */ = {
			isa = PBXGroup;
			children = (
				5C9F63B426A8F660005ED449 /* AddDocument */,
				5CAB5F3126A5EBF40099FA1F /* InterPassport */,
			);
			path = Documents;
			sourceTree = "<group>";
		};
		5C9F63B326A8A786005ED449 /* Views */ = {
			isa = PBXGroup;
			children = (
				5CAB5F2C26A5E5050099FA1F /* TabBarItem */,
				5C9F63B226A8A6D0005ED449 /* Documents */,
			);
			path = Views;
			sourceTree = "<group>";
		};
		5C9F63B426A8F660005ED449 /* AddDocument */ = {
			isa = PBXGroup;
			children = (
				5C9F63B626A8F68E005ED449 /* AddDocument.swift */,
				5C9F63B526A8F68E005ED449 /* AddDocument.xib */,
			);
			path = AddDocument;
			sourceTree = "<group>";
		};
		5CAB5F0A26A5E1490099FA1F = {
			isa = PBXGroup;
			children = (
				5CAB5F1526A5E1490099FA1F /* Diia */,
				5CAB5F1426A5E1490099FA1F /* Products */,
				75F7EB6CDDDB9A1956338E95 /* Pods */,
				4A9F365E208D5097A83BD755 /* Frameworks */,
			);
			sourceTree = "<group>";
		};
		5CAB5F1426A5E1490099FA1F /* Products */ = {
			isa = PBXGroup;
			children = (
				5CAB5F1326A5E1490099FA1F /* Diia.app */,
			);
			name = Products;
			sourceTree = "<group>";
		};
		5CAB5F1526A5E1490099FA1F /* Diia */ = {
			isa = PBXGroup;
			children = (
				5C9F63B026A8A394005ED449 /* Models */,
				5C9F63B326A8A786005ED449 /* Views */,
				5C9F63B126A8A3A0005ED449 /* Flow */,
				5CAB5F1626A5E1490099FA1F /* AppDelegate.swift */,
				5CAB5F1826A5E1490099FA1F /* SceneDelegate.swift */,
				5CAB5F1A26A5E1490099FA1F /* ViewController.swift */,
				5CAB5F1C26A5E1490099FA1F /* Main.storyboard */,
				5CAB5F1F26A5E14A0099FA1F /* Assets.xcassets */,
				5CAB5F2126A5E14A0099FA1F /* LaunchScreen.storyboard */,
				5CAB5F2426A5E14A0099FA1F /* Info.plist */,
			);
			path = Diia;
			sourceTree = "<group>";
		};
		5CAB5F2C26A5E5050099FA1F /* TabBarItem */ = {
			isa = PBXGroup;
			children = (
				5CAB5F2D26A5E51A0099FA1F /* TabBarItem.swift */,
				5CAB5F2F26A5E5310099FA1F /* TabBarItem.xib */,
			);
			path = TabBarItem;
			sourceTree = "<group>";
		};
		5CAB5F3126A5EBF40099FA1F /* InterPassport */ = {
			isa = PBXGroup;
			children = (
				5CAB5F3226A5EC010099FA1F /* InterPassport.xib */,
				5CAB5F3426A5EC0C0099FA1F /* InterPassport.swift */,
			);
			path = InterPassport;
			sourceTree = "<group>";
		};
		75F7EB6CDDDB9A1956338E95 /* Pods */ = {
			isa = PBXGroup;
			children = (
				C7865E3552DFAFD67D220D27 /* Pods-Diia.debug.xcconfig */,
				191F15A7057C4DDFFB8C7F02 /* Pods-Diia.release.xcconfig */,
			);
			path = Pods;
			sourceTree = "<group>";
		};
/* End PBXGroup section */

/* Begin PBXNativeTarget section */
		5CAB5F1226A5E1490099FA1F /* Diia */ = {
			isa = PBXNativeTarget;
			buildConfigurationList = 5CAB5F2726A5E14A0099FA1F /* Build configuration list for PBXNativeTarget "Diia" */;
			buildPhases = (
				13AB7C1A2A446C1759E7855D /* [CP] Check Pods Manifest.lock */,
				5CAB5F0F26A5E1490099FA1F /* Sources */,
				5CAB5F1026A5E1490099FA1F /* Frameworks */,
				5CAB5F1126A5E1490099FA1F /* Resources */,
				C171899D6F32C99B29A406E0 /* [CP] Embed Pods Frameworks */,
			);
			buildRules = (
			);
			dependencies = (
			);
			name = Diia;
			productName = Diia;
			productReference = 5CAB5F1326A5E1490099FA1F /* Diia.app */;
			productType = "com.apple.product-type.application";
		};
/* End PBXNativeTarget section */

/* Begin PBXProject section */
		5CAB5F0B26A5E1490099FA1F /* Project object */ = {
			isa = PBXProject;
			attributes = {
				LastSwiftUpdateCheck = 1250;
				LastUpgradeCheck = 1250;
				TargetAttributes = {
					5CAB5F1226A5E1490099FA1F = {
						CreatedOnToolsVersion = 12.5;
					};
				};
			};
			buildConfigurationList = 5CAB5F0E26A5E1490099FA1F /* Build configuration list for PBXProject "Diia" */;
			compatibilityVersion = "Xcode 9.3";
			developmentRegion = en;
			hasScannedForEncodings = 0;
			knownRegions = (
				en,
				Base,
			);
			mainGroup = 5CAB5F0A26A5E1490099FA1F;
			productRefGroup = 5CAB5F1426A5E1490099FA1F /* Products */;
			projectDirPath = "";
			projectRoot = "";
			targets = (
				5CAB5F1226A5E1490099FA1F /* Diia */,
			);
		};
/* End PBXProject section */

/* Begin PBXResourcesBuildPhase section */
		5CAB5F1126A5E1490099FA1F /* Resources */ = {
			isa = PBXResourcesBuildPhase;
			buildActionMask = 2147483647;
			files = (
				5CAB5F3326A5EC010099FA1F /* InterPassport.xib in Resources */,
				5CAB5F2326A5E14A0099FA1F /* LaunchScreen.storyboard in Resources */,
				5C9F63B726A8F68E005ED449 /* AddDocument.xib in Resources */,
				5CAB5F2026A5E14A0099FA1F /* Assets.xcassets in Resources */,
				5CAB5F3026A5E5310099FA1F /* TabBarItem.xib in Resources */,
				5CAB5F1E26A5E1490099FA1F /* Main.storyboard in Resources */,
			);
			runOnlyForDeploymentPostprocessing = 0;
		};
/* End PBXResourcesBuildPhase section */

/* Begin PBXShellScriptBuildPhase section */
		13AB7C1A2A446C1759E7855D /* [CP] Check Pods Manifest.lock */ = {
			isa = PBXShellScriptBuildPhase;
			buildActionMask = 2147483647;
			files = (
			);
			inputFileListPaths = (
			);
			inputPaths = (
				"${PODS_PODFILE_DIR_PATH}/Podfile.lock",
				"${PODS_ROOT}/Manifest.lock",
			);
			name = "[CP] Check Pods Manifest.lock";
			outputFileListPaths = (
			);
			outputPaths = (
				"$(DERIVED_FILE_DIR)/Pods-Diia-checkManifestLockResult.txt",
			);
			runOnlyForDeploymentPostprocessing = 0;
			shellPath = /bin/sh;
			shellScript = "diff \"${PODS_PODFILE_DIR_PATH}/Podfile.lock\" \"${PODS_ROOT}/Manifest.lock\" > /dev/null\nif [ $? != 0 ] ; then\n    # print error to STDERR\n    echo \"error: The sandbox is not in sync with the Podfile.lock. Run 'pod install' or update your CocoaPods installation.\" >&2\n    exit 1\nfi\n# This output is used by Xcode 'outputs' to avoid re-running this script phase.\necho \"SUCCESS\" > \"${SCRIPT_OUTPUT_FILE_0}\"\n";
			showEnvVarsInLog = 0;
		};
		C171899D6F32C99B29A406E0 /* [CP] Embed Pods Frameworks */ = {
			isa = PBXShellScriptBuildPhase;
			buildActionMask = 2147483647;
			files = (
			);
			inputFileListPaths = (
				"${PODS_ROOT}/Target Support Files/Pods-Diia/Pods-Diia-frameworks-${CONFIGURATION}-input-files.xcfilelist",
			);
			name = "[CP] Embed Pods Frameworks";
			outputFileListPaths = (
				"${PODS_ROOT}/Target Support Files/Pods-Diia/Pods-Diia-frameworks-${CONFIGURATION}-output-files.xcfilelist",
			);
			runOnlyForDeploymentPostprocessing = 0;
			shellPath = /bin/sh;
			shellScript = "\"${PODS_ROOT}/Target Support Files/Pods-Diia/Pods-Diia-frameworks.sh\"\n";
			showEnvVarsInLog = 0;
		};
/* End PBXShellScriptBuildPhase section */

/* Begin PBXSourcesBuildPhase section */
		5CAB5F0F26A5E1490099FA1F /* Sources */ = {
			isa = PBXSourcesBuildPhase;
			buildActionMask = 2147483647;
			files = (
				5CAB5F1B26A5E1490099FA1F /* ViewController.swift in Sources */,
				5CAB5F1726A5E1490099FA1F /* AppDelegate.swift in Sources */,
				5CAB5F3526A5EC0C0099FA1F /* InterPassport.swift in Sources */,
				5C9F63AF26A8A388005ED449 /* PasportInfo.swift in Sources */,
				5C9F63B826A8F68E005ED449 /* AddDocument.swift in Sources */,
				5CAB5F2E26A5E51A0099FA1F /* TabBarItem.swift in Sources */,
				5CAB5F1926A5E1490099FA1F /* SceneDelegate.swift in Sources */,
				5CAB5F2B26A5E3640099FA1F /* HomeViewController.swift in Sources */,
			);
			runOnlyForDeploymentPostprocessing = 0;
		};
/* End PBXSourcesBuildPhase section */

/* Begin PBXVariantGroup section */
		5CAB5F1C26A5E1490099FA1F /* Main.storyboard */ = {
			isa = PBXVariantGroup;
			children = (
				5CAB5F1D26A5E1490099FA1F /* Base */,
			);
			name = Main.storyboard;
			sourceTree = "<group>";
		};
		5CAB5F2126A5E14A0099FA1F /* LaunchScreen.storyboard */ = {
			isa = PBXVariantGroup;
			children = (
				5CAB5F2226A5E14A0099FA1F /* Base */,
			);
			name = LaunchScreen.storyboard;
			sourceTree = "<group>";
		};
/* End PBXVariantGroup section */

/* Begin XCBuildConfiguration section */
		5CAB5F2526A5E14A0099FA1F /* Debug */ = {
			isa = XCBuildConfiguration;
			buildSettings = {
				ALWAYS_SEARCH_USER_PATHS = NO;
				CLANG_ANALYZER_NONNULL = YES;
				CLANG_ANALYZER_NUMBER_OBJECT_CONVERSION = YES_AGGRESSIVE;
				CLANG_CXX_LANGUAGE_STANDARD = "gnu++14";
				CLANG_CXX_LIBRARY = "libc++";
				CLANG_ENABLE_MODULES = YES;
				CLANG_ENABLE_OBJC_ARC = YES;
				CLANG_ENABLE_OBJC_WEAK = YES;
				CLANG_WARN_BLOCK_CAPTURE_AUTORELEASING = YES;
				CLANG_WARN_BOOL_CONVERSION = YES;
				CLANG_WARN_COMMA = YES;
				CLANG_WARN_CONSTANT_CONVERSION = YES;
				CLANG_WARN_DEPRECATED_OBJC_IMPLEMENTATIONS = YES;
				CLANG_WARN_DIRECT_OBJC_ISA_USAGE = YES_ERROR;
				CLANG_WARN_DOCUMENTATION_COMMENTS = YES;
				CLANG_WARN_EMPTY_BODY = YES;
				CLANG_WARN_ENUM_CONVERSION = YES;
				CLANG_WARN_INFINITE_RECURSION = YES;
				CLANG_WARN_INT_CONVERSION = YES;
				CLANG_WARN_NON_LITERAL_NULL_CONVERSION = YES;
				CLANG_WARN_OBJC_IMPLICIT_RETAIN_SELF = YES;
				CLANG_WARN_OBJC_LITERAL_CONVERSION = YES;
				CLANG_WARN_OBJC_ROOT_CLASS = YES_ERROR;
				CLANG_WARN_QUOTED_INCLUDE_IN_FRAMEWORK_HEADER = YES;
				CLANG_WARN_RANGE_LOOP_ANALYSIS = YES;
				CLANG_WARN_STRICT_PROTOTYPES = YES;
				CLANG_WARN_SUSPICIOUS_MOVE = YES;
				CLANG_WARN_UNGUARDED_AVAILABILITY = YES_AGGRESSIVE;
				CLANG_WARN_UNREACHABLE_CODE = YES;
				CLANG_WARN__DUPLICATE_METHOD_MATCH = YES;
				COPY_PHASE_STRIP = NO;
				DEBUG_INFORMATION_FORMAT = dwarf;
				ENABLE_STRICT_OBJC_MSGSEND = YES;
				ENABLE_TESTABILITY = YES;
				GCC_C_LANGUAGE_STANDARD = gnu11;
				GCC_DYNAMIC_NO_PIC = NO;
				GCC_NO_COMMON_BLOCKS = YES;
				GCC_OPTIMIZATION_LEVEL = 0;
				GCC_PREPROCESSOR_DEFINITIONS = (
					"DEBUG=1",
					"$(inherited)",
				);
				GCC_WARN_64_TO_32_BIT_CONVERSION = YES;
				GCC_WARN_ABOUT_RETURN_TYPE = YES_ERROR;
				GCC_WARN_UNDECLARED_SELECTOR = YES;
				GCC_WARN_UNINITIALIZED_AUTOS = YES_AGGRESSIVE;
				GCC_WARN_UNUSED_FUNCTION = YES;
				GCC_WARN_UNUSED_VARIABLE = YES;
				IPHONEOS_DEPLOYMENT_TARGET = 14.5;
				MTL_ENABLE_DEBUG_INFO = INCLUDE_SOURCE;
				MTL_FAST_MATH = YES;
				ONLY_ACTIVE_ARCH = YES;
				SDKROOT = iphoneos;
				SWIFT_ACTIVE_COMPILATION_CONDITIONS = DEBUG;
				SWIFT_OPTIMIZATION_LEVEL = "-Onone";
			};
			name = Debug;
		};
		5CAB5F2626A5E14A0099FA1F /* Release */ = {
			isa = XCBuildConfiguration;
			buildSettings = {
				ALWAYS_SEARCH_USER_PATHS = NO;
				CLANG_ANALYZER_NONNULL = YES;
				CLANG_ANALYZER_NUMBER_OBJECT_CONVERSION = YES_AGGRESSIVE;
				CLANG_CXX_LANGUAGE_STANDARD = "gnu++14";
				CLANG_CXX_LIBRARY = "libc++";
				CLANG_ENABLE_MODULES = YES;
				CLANG_ENABLE_OBJC_ARC = YES;
				CLANG_ENABLE_OBJC_WEAK = YES;
				CLANG_WARN_BLOCK_CAPTURE_AUTORELEASING = YES;
				CLANG_WARN_BOOL_CONVERSION = YES;
				CLANG_WARN_COMMA = YES;
				CLANG_WARN_CONSTANT_CONVERSION = YES;
				CLANG_WARN_DEPRECATED_OBJC_IMPLEMENTATIONS = YES;
				CLANG_WARN_DIRECT_OBJC_ISA_USAGE = YES_ERROR;
				CLANG_WARN_DOCUMENTATION_COMMENTS = YES;
				CLANG_WARN_EMPTY_BODY = YES;
				CLANG_WARN_ENUM_CONVERSION = YES;
				CLANG_WARN_INFINITE_RECURSION = YES;
				CLANG_WARN_INT_CONVERSION = YES;
				CLANG_WARN_NON_LITERAL_NULL_CONVERSION = YES;
				CLANG_WARN_OBJC_IMPLICIT_RETAIN_SELF = YES;
				CLANG_WARN_OBJC_LITERAL_CONVERSION = YES;
				CLANG_WARN_OBJC_ROOT_CLASS = YES_ERROR;
				CLANG_WARN_QUOTED_INCLUDE_IN_FRAMEWORK_HEADER = YES;
				CLANG_WARN_RANGE_LOOP_ANALYSIS = YES;
				CLANG_WARN_STRICT_PROTOTYPES = YES;
				CLANG_WARN_SUSPICIOUS_MOVE = YES;
				CLANG_WARN_UNGUARDED_AVAILABILITY = YES_AGGRESSIVE;
				CLANG_WARN_UNREACHABLE_CODE = YES;
				CLANG_WARN__DUPLICATE_METHOD_MATCH = YES;
				COPY_PHASE_STRIP = NO;
				DEBUG_INFORMATION_FORMAT = "dwarf-with-dsym";
				ENABLE_NS_ASSERTIONS = NO;
				ENABLE_STRICT_OBJC_MSGSEND = YES;
				GCC_C_LANGUAGE_STANDARD = gnu11;
				GCC_NO_COMMON_BLOCKS = YES;
				GCC_WARN_64_TO_32_BIT_CONVERSION = YES;
				GCC_WARN_ABOUT_RETURN_TYPE = YES_ERROR;
				GCC_WARN_UNDECLARED_SELECTOR = YES;
				GCC_WARN_UNINITIALIZED_AUTOS = YES_AGGRESSIVE;
				GCC_WARN_UNUSED_FUNCTION = YES;
				GCC_WARN_UNUSED_VARIABLE = YES;
				IPHONEOS_DEPLOYMENT_TARGET = 14.5;
				MTL_ENABLE_DEBUG_INFO = NO;
				MTL_FAST_MATH = YES;
				SDKROOT = iphoneos;
				SWIFT_COMPILATION_MODE = wholemodule;
				SWIFT_OPTIMIZATION_LEVEL = "-O";
				VALIDATE_PRODUCT = YES;
			};
			name = Release;
		};
		5CAB5F2826A5E14A0099FA1F /* Debug */ = {
			isa = XCBuildConfiguration;
			baseConfigurationReference = C7865E3552DFAFD67D220D27 /* Pods-Diia.debug.xcconfig */;
			buildSettings = {
				ASSETCATALOG_COMPILER_APPICON_NAME = AppIcon;
				ASSETCATALOG_COMPILER_GLOBAL_ACCENT_COLOR_NAME = AccentColor;
				CODE_SIGN_STYLE = Automatic;
				DEVELOPMENT_TEAM = Z6SVM5W336;
				INFOPLIST_FILE = Diia/Info.plist;
				LD_RUNPATH_SEARCH_PATHS = (
					"$(inherited)",
					"@executable_path/Frameworks",
				);
				PRODUCT_BUNDLE_IDENTIFIER = com.inch.Diia;
				PRODUCT_NAME = "$(TARGET_NAME)";
				SWIFT_VERSION = 5.0;
				TARGETED_DEVICE_FAMILY = "1,2";
			};
			name = Debug;
		};
		5CAB5F2926A5E14A0099FA1F /* Release */ = {
			isa = XCBuildConfiguration;
			baseConfigurationReference = 191F15A7057C4DDFFB8C7F02 /* Pods-Diia.release.xcconfig */;
			buildSettings = {
				ASSETCATALOG_COMPILER_APPICON_NAME = AppIcon;
				ASSETCATALOG_COMPILER_GLOBAL_ACCENT_COLOR_NAME = AccentColor;
				CODE_SIGN_STYLE = Automatic;
				DEVELOPMENT_TEAM = Z6SVM5W336;
				INFOPLIST_FILE = Diia/Info.plist;
				LD_RUNPATH_SEARCH_PATHS = (
					"$(inherited)",
					"@executable_path/Frameworks",
				);
				PRODUCT_BUNDLE_IDENTIFIER = com.inch.Diia;
				PRODUCT_NAME = "$(TARGET_NAME)";
				SWIFT_VERSION = 5.0;
				TARGETED_DEVICE_FAMILY = "1,2";
			};
			name = Release;
		};
/* End XCBuildConfiguration section */

/* Begin XCConfigurationList section */
		5CAB5F0E26A5E1490099FA1F /* Build configuration list for PBXProject "Diia" */ = {
			isa = XCConfigurationList;
			buildConfigurations = (
				5CAB5F2526A5E14A0099FA1F /* Debug */,
				5CAB5F2626A5E14A0099FA1F /* Release */,
			);
			defaultConfigurationIsVisible = 0;
			defaultConfigurationName = Release;
		};
		5CAB5F2726A5E14A0099FA1F /* Build configuration list for PBXNativeTarget "Diia" */ = {
			isa = XCConfigurationList;
			buildConfigurations = (
				5CAB5F2826A5E14A0099FA1F /* Debug */,
				5CAB5F2926A5E14A0099FA1F /* Release */,
			);
			defaultConfigurationIsVisible = 0;
			defaultConfigurationName = Release;
		};
/* End XCConfigurationList section */
	};
	rootObject = 5CAB5F0B26A5E1490099FA1F /* Project object */;
}
